# generated by rye
# use `rye lock` or `rye sync` to update this lockfile
#
# last locked with the following flags:
#   pre: false
#   features: []
#   all-features: false
#   with-sources: false
#   generate-hashes: false

-e file:.
certifi==2024.2.2
    # via requests
charset-normalizer==3.3.2
    # via requests
greenlet==3.0.3
    # via pynvim
idna==3.7
    # via requests
msgpack==1.0.8
    # via pynvim
prompt-toolkit==3.0.43
    # via custom
pynvim==0.5.0
    # via custom
python-dotenv==1.0.1
    # via custom
regex==2024.5.15
    # via tiktoken
requests==2.32.2
    # via custom
    # via tiktoken
tiktoken==0.7.0
    # via custom
urllib3==2.2.1
    # via requests
wcwidth==0.2.13
    # via prompt-toolkit
